// !$*UTF8*$!
{
	archiveVersion = 1;
	classes = {
	};
	objectVersion = 56;
	objects = {

/* Begin PBXBuildFile section */
		CB00257B2CDB4290006F5759 /* AppDelegate.swift in Sources */ = {isa = PBXBuildFile; fileRef = CB00257A2CDB4290006F5759 /* AppDelegate.swift */; };
		CB00257D2CDB4290006F5759 /* SceneDelegate.swift in Sources */ = {isa = PBXBuildFile; fileRef = CB00257C2CDB4290006F5759 /* SceneDelegate.swift */; };
		CB00257F2CDB4290006F5759 /* EarthquakeListViewController.swift in Sources */ = {isa = PBXBuildFile; fileRef = CB00257E2CDB4290006F5759 /* EarthquakeListViewController.swift */; };
		CB0025822CDB4290006F5759 /* Base in Resources */ = {isa = PBXBuildFile; fileRef = CB0025812CDB4290006F5759 /* Base */; };
		CB0025842CDB4291006F5759 /* Assets.xcassets in Resources */ = {isa = PBXBuildFile; fileRef = CB0025832CDB4291006F5759 /* Assets.xcassets */; };
		CB0025872CDB4291006F5759 /* Base in Resources */ = {isa = PBXBuildFile; fileRef = CB0025862CDB4291006F5759 /* Base */; };
		CB0025922CDB4291006F5759 /* earthquakeTests.swift in Sources */ = {isa = PBXBuildFile; fileRef = CB0025912CDB4291006F5759 /* earthquakeTests.swift */; };
		CB00259C2CDB4291006F5759 /* earthquakeUITests.swift in Sources */ = {isa = PBXBuildFile; fileRef = CB00259B2CDB4291006F5759 /* earthquakeUITests.swift */; };
		CB00259E2CDB4291006F5759 /* earthquakeUITestsLaunchTests.swift in Sources */ = {isa = PBXBuildFile; fileRef = CB00259D2CDB4291006F5759 /* earthquakeUITestsLaunchTests.swift */; };
		CB0025B02CDB466A006F5759 /* EarthquakeModel.swift in Sources */ = {isa = PBXBuildFile; fileRef = CB0025AF2CDB466A006F5759 /* EarthquakeModel.swift */; };
		CB0025B22CDB46A7006F5759 /* EarthquakeViewModel.swift in Sources */ = {isa = PBXBuildFile; fileRef = CB0025B12CDB46A7006F5759 /* EarthquakeViewModel.swift */; };
		CB0025B42CDB47A6006F5759 /* EarthquakeDetailViewController.swift in Sources */ = {isa = PBXBuildFile; fileRef = CB0025B32CDB47A6006F5759 /* EarthquakeDetailViewController.swift */; };
		CB0025B62CDC4E4D006F5759 /* EarthquakeViewModelTests.swift in Sources */ = {isa = PBXBuildFile; fileRef = CB0025B52CDC4E4D006F5759 /* EarthquakeViewModelTests.swift */; };
/* End PBXBuildFile section */

/* Begin PBXContainerItemProxy section */
		CB00258E2CDB4291006F5759 /* PBXContainerItemProxy */ = {
			isa = PBXContainerItemProxy;
			containerPortal = CB00256F2CDB4290006F5759 /* Project object */;
			proxyType = 1;
			remoteGlobalIDString = CB0025762CDB4290006F5759;
			remoteInfo = earthquake;
		};
		CB0025982CDB4291006F5759 /* PBXContainerItemProxy */ = {
			isa = PBXContainerItemProxy;
			containerPortal = CB00256F2CDB4290006F5759 /* Project object */;
			proxyType = 1;
			remoteGlobalIDString = CB0025762CDB4290006F5759;
			remoteInfo = earthquake;
		};
/* End PBXContainerItemProxy section */

/* Begin PBXFileReference section */
		CB0025772CDB4290006F5759 /* earthquake.app */ = {isa = PBXFileReference; explicitFileType = wrapper.application; includeInIndex = 0; path = earthquake.app; sourceTree = BUILT_PRODUCTS_DIR; };
		CB00257A2CDB4290006F5759 /* AppDelegate.swift */ = {isa = PBXFileReference; lastKnownFileType = sourcecode.swift; path = AppDelegate.swift; sourceTree = "<group>"; };
		CB00257C2CDB4290006F5759 /* SceneDelegate.swift */ = {isa = PBXFileReference; lastKnownFileType = sourcecode.swift; path = SceneDelegate.swift; sourceTree = "<group>"; };
		CB00257E2CDB4290006F5759 /* EarthquakeListViewController.swift */ = {isa = PBXFileReference; lastKnownFileType = sourcecode.swift; path = EarthquakeListViewController.swift; sourceTree = "<group>"; };
		CB0025812CDB4290006F5759 /* Base */ = {isa = PBXFileReference; lastKnownFileType = file.storyboard; name = Base; path = Base.lproj/Main.storyboard; sourceTree = "<group>"; };
		CB0025832CDB4291006F5759 /* Assets.xcassets */ = {isa = PBXFileReference; lastKnownFileType = folder.assetcatalog; path = Assets.xcassets; sourceTree = "<group>"; };
		CB0025862CDB4291006F5759 /* Base */ = {isa = PBXFileReference; lastKnownFileType = file.storyboard; name = Base; path = Base.lproj/LaunchScreen.storyboard; sourceTree = "<group>"; };
		CB0025882CDB4291006F5759 /* Info.plist */ = {isa = PBXFileReference; lastKnownFileType = text.plist.xml; path = Info.plist; sourceTree = "<group>"; };
		CB00258D2CDB4291006F5759 /* earthquakeTests.xctest */ = {isa = PBXFileReference; explicitFileType = wrapper.cfbundle; includeInIndex = 0; path = earthquakeTests.xctest; sourceTree = BUILT_PRODUCTS_DIR; };
		CB0025912CDB4291006F5759 /* earthquakeTests.swift */ = {isa = PBXFileReference; lastKnownFileType = sourcecode.swift; path = earthquakeTests.swift; sourceTree = "<group>"; };
		CB0025972CDB4291006F5759 /* earthquakeUITests.xctest */ = {isa = PBXFileReference; explicitFileType = wrapper.cfbundle; includeInIndex = 0; path = earthquakeUITests.xctest; sourceTree = BUILT_PRODUCTS_DIR; };
		CB00259B2CDB4291006F5759 /* earthquakeUITests.swift */ = {isa = PBXFileReference; lastKnownFileType = sourcecode.swift; path = earthquakeUITests.swift; sourceTree = "<group>"; };
		CB00259D2CDB4291006F5759 /* earthquakeUITestsLaunchTests.swift */ = {isa = PBXFileReference; lastKnownFileType = sourcecode.swift; path = earthquakeUITestsLaunchTests.swift; sourceTree = "<group>"; };
		CB0025AF2CDB466A006F5759 /* EarthquakeModel.swift */ = {isa = PBXFileReference; lastKnownFileType = sourcecode.swift; path = EarthquakeModel.swift; sourceTree = "<group>"; };
		CB0025B12CDB46A7006F5759 /* EarthquakeViewModel.swift */ = {isa = PBXFileReference; lastKnownFileType = sourcecode.swift; path = EarthquakeViewModel.swift; sourceTree = "<group>"; };
		CB0025B32CDB47A6006F5759 /* EarthquakeDetailViewController.swift */ = {isa = PBXFileReference; lastKnownFileType = sourcecode.swift; path = EarthquakeDetailViewController.swift; sourceTree = "<group>"; };
		CB0025B52CDC4E4D006F5759 /* EarthquakeViewModelTests.swift */ = {isa = PBXFileReference; lastKnownFileType = sourcecode.swift; path = EarthquakeViewModelTests.swift; sourceTree = "<group>"; };
/* End PBXFileReference section */

/* Begin PBXFrameworksBuildPhase section */
		CB0025742CDB4290006F5759 /* Frameworks */ = {
			isa = PBXFrameworksBuildPhase;
			buildActionMask = 2147483647;
			files = (
			);
			runOnlyForDeploymentPostprocessing = 0;
		};
		CB00258A2CDB4291006F5759 /* Frameworks */ = {
			isa = PBXFrameworksBuildPhase;
			buildActionMask = 2147483647;
			files = (
			);
			runOnlyForDeploymentPostprocessing = 0;
		};
		CB0025942CDB4291006F5759 /* Frameworks */ = {
			isa = PBXFrameworksBuildPhase;
			buildActionMask = 2147483647;
			files = (
			);
			runOnlyForDeploymentPostprocessing = 0;
		};
/* End PBXFrameworksBuildPhase section */

/* Begin PBXGroup section */
		CB00256E2CDB4290006F5759 = {
			isa = PBXGroup;
			children = (
				CB0025792CDB4290006F5759 /* earthquake */,
				CB0025902CDB4291006F5759 /* earthquakeTests */,
				CB00259A2CDB4291006F5759 /* earthquakeUITests */,
				CB0025782CDB4290006F5759 /* Products */,
			);
			sourceTree = "<group>";
		};
		CB0025782CDB4290006F5759 /* Products */ = {
			isa = PBXGroup;
			children = (
				CB0025772CDB4290006F5759 /* earthquake.app */,
				CB00258D2CDB4291006F5759 /* earthquakeTests.xctest */,
				CB0025972CDB4291006F5759 /* earthquakeUITests.xctest */,
			);
			name = Products;
			sourceTree = "<group>";
		};
		CB0025792CDB4290006F5759 /* earthquake */ = {
			isa = PBXGroup;
			children = (
				CB00257A2CDB4290006F5759 /* AppDelegate.swift */,
				CB00257C2CDB4290006F5759 /* SceneDelegate.swift */,
				CB0025B52CDC4E4D006F5759 /* EarthquakeViewModelTests.swift */,
				CB0025AC2CDB460F006F5759 /* ViewModel */,
				CB0025AD2CDB4618006F5759 /* Controller */,
				CB0025AE2CDB461D006F5759 /* View */,
				CB0025AB2CDB42B7006F5759 /* Model */,
				CB0025802CDB4290006F5759 /* Main.storyboard */,
				CB0025832CDB4291006F5759 /* Assets.xcassets */,
				CB0025852CDB4291006F5759 /* LaunchScreen.storyboard */,
				CB0025882CDB4291006F5759 /* Info.plist */,
			);
			path = earthquake;
			sourceTree = "<group>";
		};
		CB0025902CDB4291006F5759 /* earthquakeTests */ = {
			isa = PBXGroup;
			children = (
				CB0025912CDB4291006F5759 /* earthquakeTests.swift */,
			);
			path = earthquakeTests;
			sourceTree = "<group>";
		};
		CB00259A2CDB4291006F5759 /* earthquakeUITests */ = {
			isa = PBXGroup;
			children = (
				CB00259B2CDB4291006F5759 /* earthquakeUITests.swift */,
				CB00259D2CDB4291006F5759 /* earthquakeUITestsLaunchTests.swift */,
			);
			path = earthquakeUITests;
			sourceTree = "<group>";
		};
		CB0025AB2CDB42B7006F5759 /* Model */ = {
			isa = PBXGroup;
			children = (
				CB0025AF2CDB466A006F5759 /* EarthquakeModel.swift */,
			);
			path = Model;
			sourceTree = "<group>";
		};
		CB0025AC2CDB460F006F5759 /* ViewModel */ = {
			isa = PBXGroup;
			children = (
				CB0025B12CDB46A7006F5759 /* EarthquakeViewModel.swift */,
			);
			path = ViewModel;
			sourceTree = "<group>";
		};
		CB0025AD2CDB4618006F5759 /* Controller */ = {
			isa = PBXGroup;
			children = (
				CB00257E2CDB4290006F5759 /* EarthquakeListViewController.swift */,
				CB0025B32CDB47A6006F5759 /* EarthquakeDetailViewController.swift */,
			);
			path = Controller;
			sourceTree = "<group>";
		};
		CB0025AE2CDB461D006F5759 /* View */ = {
			isa = PBXGroup;
			children = (
			);
			path = View;
			sourceTree = "<group>";
		};
/* End PBXGroup section */

/* Begin PBXNativeTarget section */
		CB0025762CDB4290006F5759 /* earthquake */ = {
			isa = PBXNativeTarget;
			buildConfigurationList = CB0025A12CDB4291006F5759 /* Build configuration list for PBXNativeTarget "earthquake" */;
			buildPhases = (
				CB0025732CDB4290006F5759 /* Sources */,
				CB0025742CDB4290006F5759 /* Frameworks */,
				CB0025752CDB4290006F5759 /* Resources */,
			);
			buildRules = (
			);
			dependencies = (
			);
			name = earthquake;
			productName = earthquake;
			productReference = CB0025772CDB4290006F5759 /* earthquake.app */;
			productType = "com.apple.product-type.application";
		};
		CB00258C2CDB4291006F5759 /* earthquakeTests */ = {
			isa = PBXNativeTarget;
			buildConfigurationList = CB0025A42CDB4291006F5759 /* Build configuration list for PBXNativeTarget "earthquakeTests" */;
			buildPhases = (
				CB0025892CDB4291006F5759 /* Sources */,
				CB00258A2CDB4291006F5759 /* Frameworks */,
				CB00258B2CDB4291006F5759 /* Resources */,
			);
			buildRules = (
			);
			dependencies = (
				CB00258F2CDB4291006F5759 /* PBXTargetDependency */,
			);
			name = earthquakeTests;
			productName = earthquakeTests;
			productReference = CB00258D2CDB4291006F5759 /* earthquakeTests.xctest */;
			productType = "com.apple.product-type.bundle.unit-test";
		};
		CB0025962CDB4291006F5759 /* earthquakeUITests */ = {
			isa = PBXNativeTarget;
			buildConfigurationList = CB0025A72CDB4291006F5759 /* Build configuration list for PBXNativeTarget "earthquakeUITests" */;
			buildPhases = (
				CB0025932CDB4291006F5759 /* Sources */,
				CB0025942CDB4291006F5759 /* Frameworks */,
				CB0025952CDB4291006F5759 /* Resources */,
			);
			buildRules = (
			);
			dependencies = (
				CB0025992CDB4291006F5759 /* PBXTargetDependency */,
			);
			name = earthquakeUITests;
			productName = earthquakeUITests;
			productReference = CB0025972CDB4291006F5759 /* earthquakeUITests.xctest */;
			productType = "com.apple.product-type.bundle.ui-testing";
		};
/* End PBXNativeTarget section */

/* Begin PBXProject section */
		CB00256F2CDB4290006F5759 /* Project object */ = {
			isa = PBXProject;
			attributes = {
				BuildIndependentTargetsInParallel = 1;
				LastSwiftUpdateCheck = 1540;
				LastUpgradeCheck = 1540;
				TargetAttributes = {
					CB0025762CDB4290006F5759 = {
						CreatedOnToolsVersion = 15.4;
					};
					CB00258C2CDB4291006F5759 = {
						CreatedOnToolsVersion = 15.4;
						TestTargetID = CB0025762CDB4290006F5759;
					};
					CB0025962CDB4291006F5759 = {
						CreatedOnToolsVersion = 15.4;
						TestTargetID = CB0025762CDB4290006F5759;
					};
				};
			};
			buildConfigurationList = CB0025722CDB4290006F5759 /* Build configuration list for PBXProject "earthquake" */;
			compatibilityVersion = "Xcode 14.0";
			developmentRegion = en;
			hasScannedForEncodings = 0;
			knownRegions = (
				en,
				Base,
			);
			mainGroup = CB00256E2CDB4290006F5759;
			productRefGroup = CB0025782CDB4290006F5759 /* Products */;
			projectDirPath = "";
			projectRoot = "";
			targets = (
				CB0025762CDB4290006F5759 /* earthquake */,
				CB00258C2CDB4291006F5759 /* earthquakeTests */,
				CB0025962CDB4291006F5759 /* earthquakeUITests */,
			);
		};
/* End PBXProject section */

/* Begin PBXResourcesBuildPhase section */
		CB0025752CDB4290006F5759 /* Resources */ = {
			isa = PBXResourcesBuildPhase;
			buildActionMask = 2147483647;
			files = (
				CB0025842CDB4291006F5759 /* Assets.xcassets in Resources */,
				CB0025872CDB4291006F5759 /* Base in Resources */,
				CB0025822CDB4290006F5759 /* Base in Resources */,
			);
			runOnlyForDeploymentPostprocessing = 0;
		};
		CB00258B2CDB4291006F5759 /* Resources */ = {
			isa = PBXResourcesBuildPhase;
			buildActionMask = 2147483647;
			files = (
			);
			runOnlyForDeploymentPostprocessing = 0;
		};
		CB0025952CDB4291006F5759 /* Resources */ = {
			isa = PBXResourcesBuildPhase;
			buildActionMask = 2147483647;
			files = (
			);
			runOnlyForDeploymentPostprocessing = 0;
		};
/* End PBXResourcesBuildPhase section */

/* Begin PBXSourcesBuildPhase section */
		CB0025732CDB4290006F5759 /* Sources */ = {
			isa = PBXSourcesBuildPhase;
			buildActionMask = 2147483647;
			files = (
				CB0025B02CDB466A006F5759 /* EarthquakeModel.swift in Sources */,
				CB00257F2CDB4290006F5759 /* EarthquakeListViewController.swift in Sources */,
				CB00257B2CDB4290006F5759 /* AppDelegate.swift in Sources */,
				CB0025B22CDB46A7006F5759 /* EarthquakeViewModel.swift in Sources */,
				CB0025B42CDB47A6006F5759 /* EarthquakeDetailViewController.swift in Sources */,
				CB00257D2CDB4290006F5759 /* SceneDelegate.swift in Sources */,
			);
			runOnlyForDeploymentPostprocessing = 0;
		};
		CB0025892CDB4291006F5759 /* Sources */ = {
			isa = PBXSourcesBuildPhase;
			buildActionMask = 2147483647;
			files = (
				CB0025922CDB4291006F5759 /* earthquakeTests.swift in Sources */,
				CB0025B62CDC4E4D006F5759 /* EarthquakeViewModelTests.swift in Sources */,
			);
			runOnlyForDeploymentPostprocessing = 0;
		};
		CB0025932CDB4291006F5759 /* Sources */ = {
			isa = PBXSourcesBuildPhase;
			buildActionMask = 2147483647;
			files = (
				CB00259C2CDB4291006F5759 /* earthquakeUITests.swift in Sources */,
				CB00259E2CDB4291006F5759 /* earthquakeUITestsLaunchTests.swift in Sources */,
			);
			runOnlyForDeploymentPostprocessing = 0;
		};
/* End PBXSourcesBuildPhase section */

/* Begin PBXTargetDependency section */
		CB00258F2CDB4291006F5759 /* PBXTargetDependency */ = {
			isa = PBXTargetDependency;
			target = CB0025762CDB4290006F5759 /* earthquake */;
			targetProxy = CB00258E2CDB4291006F5759 /* PBXContainerItemProxy */;
		};
		CB0025992CDB4291006F5759 /* PBXTargetDependency */ = {
			isa = PBXTargetDependency;
			target = CB0025762CDB4290006F5759 /* earthquake */;
			targetProxy = CB0025982CDB4291006F5759 /* PBXContainerItemProxy */;
		};
/* End PBXTargetDependency section */

/* Begin PBXVariantGroup section */
		CB0025802CDB4290006F5759 /* Main.storyboard */ = {
			isa = PBXVariantGroup;
			children = (
				CB0025812CDB4290006F5759 /* Base */,
			);
			name = Main.storyboard;
			sourceTree = "<group>";
		};
		CB0025852CDB4291006F5759 /* LaunchScreen.storyboard */ = {
			isa = PBXVariantGroup;
			children = (
				CB0025862CDB4291006F5759 /* Base */,
			);
			name = LaunchScreen.storyboard;
			sourceTree = "<group>";
		};
/* End PBXVariantGroup section */

/* Begin XCBuildConfiguration section */
		CB00259F2CDB4291006F5759 /* Debug */ = {
			isa = XCBuildConfiguration;
			buildSettings = {
				ALWAYS_SEARCH_USER_PATHS = NO;
				ASSETCATALOG_COMPILER_GENERATE_SWIFT_ASSET_SYMBOL_EXTENSIONS = YES;
				CLANG_ANALYZER_NONNULL = YES;
				CLANG_ANALYZER_NUMBER_OBJECT_CONVERSION = YES_AGGRESSIVE;
				CLANG_CXX_LANGUAGE_STANDARD = "gnu++20";
				CLANG_ENABLE_MODULES = YES;
				CLANG_ENABLE_OBJC_ARC = YES;
				CLANG_ENABLE_OBJC_WEAK = YES;
				CLANG_WARN_BLOCK_CAPTURE_AUTORELEASING = YES;
				CLANG_WARN_BOOL_CONVERSION = YES;
				CLANG_WARN_COMMA = YES;
				CLANG_WARN_CONSTANT_CONVERSION = YES;
				CLANG_WARN_DEPRECATED_OBJC_IMPLEMENTATIONS = YES;
				CLANG_WARN_DIRECT_OBJC_ISA_USAGE = YES_ERROR;
				CLANG_WARN_DOCUMENTATION_COMMENTS = YES;
				CLANG_WARN_EMPTY_BODY = YES;
				CLANG_WARN_ENUM_CONVERSION = YES;
				CLANG_WARN_INFINITE_RECURSION = YES;
				CLANG_WARN_INT_CONVERSION = YES;
				CLANG_WARN_NON_LITERAL_NULL_CONVERSION = YES;
				CLANG_WARN_OBJC_IMPLICIT_RETAIN_SELF = YES;
				CLANG_WARN_OBJC_LITERAL_CONVERSION = YES;
				CLANG_WARN_OBJC_ROOT_CLASS = YES_ERROR;
				CLANG_WARN_QUOTED_INCLUDE_IN_FRAMEWORK_HEADER = YES;
				CLANG_WARN_RANGE_LOOP_ANALYSIS = YES;
				CLANG_WARN_STRICT_PROTOTYPES = YES;
				CLANG_WARN_SUSPICIOUS_MOVE = YES;
				CLANG_WARN_UNGUARDED_AVAILABILITY = YES_AGGRESSIVE;
				CLANG_WARN_UNREACHABLE_CODE = YES;
				CLANG_WARN__DUPLICATE_METHOD_MATCH = YES;
				COPY_PHASE_STRIP = NO;
				DEBUG_INFORMATION_FORMAT = dwarf;
				ENABLE_STRICT_OBJC_MSGSEND = YES;
				ENABLE_TESTABILITY = YES;
				ENABLE_USER_SCRIPT_SANDBOXING = YES;
				GCC_C_LANGUAGE_STANDARD = gnu17;
				GCC_DYNAMIC_NO_PIC = NO;
				GCC_NO_COMMON_BLOCKS = YES;
				GCC_OPTIMIZATION_LEVEL = 0;
				GCC_PREPROCESSOR_DEFINITIONS = (
					"DEBUG=1",
					"$(inherited)",
				);
				GCC_WARN_64_TO_32_BIT_CONVERSION = YES;
				GCC_WARN_ABOUT_RETURN_TYPE = YES_ERROR;
				GCC_WARN_UNDECLARED_SELECTOR = YES;
				GCC_WARN_UNINITIALIZED_AUTOS = YES_AGGRESSIVE;
				GCC_WARN_UNUSED_FUNCTION = YES;
				GCC_WARN_UNUSED_VARIABLE = YES;
				IPHONEOS_DEPLOYMENT_TARGET = 16.0;
				LOCALIZATION_PREFERS_STRING_CATALOGS = YES;
				MTL_ENABLE_DEBUG_INFO = INCLUDE_SOURCE;
				MTL_FAST_MATH = YES;
				ONLY_ACTIVE_ARCH = YES;
				SDKROOT = iphoneos;
				SWIFT_ACTIVE_COMPILATION_CONDITIONS = "DEBUG $(inherited)";
				SWIFT_OPTIMIZATION_LEVEL = "-Onone";
			};
			name = Debug;
		};
		CB0025A02CDB4291006F5759 /* Release */ = {
			isa = XCBuildConfiguration;
			buildSettings = {
				ALWAYS_SEARCH_USER_PATHS = NO;
				ASSETCATALOG_COMPILER_GENERATE_SWIFT_ASSET_SYMBOL_EXTENSIONS = YES;
				CLANG_ANALYZER_NONNULL = YES;
				CLANG_ANALYZER_NUMBER_OBJECT_CONVERSION = YES_AGGRESSIVE;
				CLANG_CXX_LANGUAGE_STANDARD = "gnu++20";
				CLANG_ENABLE_MODULES = YES;
				CLANG_ENABLE_OBJC_ARC = YES;
				CLANG_ENABLE_OBJC_WEAK = YES;
				CLANG_WARN_BLOCK_CAPTURE_AUTORELEASING = YES;
				CLANG_WARN_BOOL_CONVERSION = YES;
				CLANG_WARN_COMMA = YES;
				CLANG_WARN_CONSTANT_CONVERSION = YES;
				CLANG_WARN_DEPRECATED_OBJC_IMPLEMENTATIONS = YES;
				CLANG_WARN_DIRECT_OBJC_ISA_USAGE = YES_ERROR;
				CLANG_WARN_DOCUMENTATION_COMMENTS = YES;
				CLANG_WARN_EMPTY_BODY = YES;
				CLANG_WARN_ENUM_CONVERSION = YES;
				CLANG_WARN_INFINITE_RECURSION = YES;
				CLANG_WARN_INT_CONVERSION = YES;
				CLANG_WARN_NON_LITERAL_NULL_CONVERSION = YES;
				CLANG_WARN_OBJC_IMPLICIT_RETAIN_SELF = YES;
				CLANG_WARN_OBJC_LITERAL_CONVERSION = YES;
				CLANG_WARN_OBJC_ROOT_CLASS = YES_ERROR;
				CLANG_WARN_QUOTED_INCLUDE_IN_FRAMEWORK_HEADER = YES;
				CLANG_WARN_RANGE_LOOP_ANALYSIS = YES;
				CLANG_WARN_STRICT_PROTOTYPES = YES;
				CLANG_WARN_SUSPICIOUS_MOVE = YES;
				CLANG_WARN_UNGUARDED_AVAILABILITY = YES_AGGRESSIVE;
				CLANG_WARN_UNREACHABLE_CODE = YES;
				CLANG_WARN__DUPLICATE_METHOD_MATCH = YES;
				COPY_PHASE_STRIP = NO;
				DEBUG_INFORMATION_FORMAT = "dwarf-with-dsym";
				ENABLE_NS_ASSERTIONS = NO;
				ENABLE_STRICT_OBJC_MSGSEND = YES;
				ENABLE_USER_SCRIPT_SANDBOXING = YES;
				GCC_C_LANGUAGE_STANDARD = gnu17;
				GCC_NO_COMMON_BLOCKS = YES;
				GCC_WARN_64_TO_32_BIT_CONVERSION = YES;
				GCC_WARN_ABOUT_RETURN_TYPE = YES_ERROR;
				GCC_WARN_UNDECLARED_SELECTOR = YES;
				GCC_WARN_UNINITIALIZED_AUTOS = YES_AGGRESSIVE;
				GCC_WARN_UNUSED_FUNCTION = YES;
				GCC_WARN_UNUSED_VARIABLE = YES;
				IPHONEOS_DEPLOYMENT_TARGET = 16.0;
				LOCALIZATION_PREFERS_STRING_CATALOGS = YES;
				MTL_ENABLE_DEBUG_INFO = NO;
				MTL_FAST_MATH = YES;
				SDKROOT = iphoneos;
				SWIFT_COMPILATION_MODE = wholemodule;
				VALIDATE_PRODUCT = YES;
			};
			name = Release;
		};
		CB0025A22CDB4291006F5759 /* Debug */ = {
			isa = XCBuildConfiguration;
			buildSettings = {
				ASSETCATALOG_COMPILER_APPICON_NAME = AppIcon;
				ASSETCATALOG_COMPILER_GLOBAL_ACCENT_COLOR_NAME = AccentColor;
				CODE_SIGN_STYLE = Automatic;
				CURRENT_PROJECT_VERSION = 1;
				DEVELOPMENT_TEAM = LXED532595;
				GENERATE_INFOPLIST_FILE = YES;
				INFOPLIST_FILE = earthquake/Info.plist;
				INFOPLIST_KEY_UIApplicationSupportsIndirectInputEvents = YES;
				INFOPLIST_KEY_UILaunchStoryboardName = LaunchScreen;
				INFOPLIST_KEY_UIMainStoryboardFile = Main;
				INFOPLIST_KEY_UISupportedInterfaceOrientations_iPad = "UIInterfaceOrientationPortrait UIInterfaceOrientationPortraitUpsideDown UIInterfaceOrientationLandscapeLeft UIInterfaceOrientationLandscapeRight";
				INFOPLIST_KEY_UISupportedInterfaceOrientations_iPhone = "UIInterfaceOrientationPortrait UIInterfaceOrientationLandscapeLeft UIInterfaceOrientationLandscapeRight";
				LD_RUNPATH_SEARCH_PATHS = (
					"$(inherited)",
					"@executable_path/Frameworks",
				);
				MARKETING_VERSION = 1.0;
				PRODUCT_BUNDLE_IDENTIFIER = com.test.zhouhe.earthquake;
				PRODUCT_NAME = "$(TARGET_NAME)";
				SWIFT_EMIT_LOC_STRINGS = YES;
				SWIFT_VERSION = 5.0;
				TARGETED_DEVICE_FAMILY = "1,2";
			};
			name = Debug;
		};
		CB0025A32CDB4291006F5759 /* Release */ = {
			isa = XCBuildConfiguration;
			buildSettings = {
				ASSETCATALOG_COMPILER_APPICON_NAME = AppIcon;
				ASSETCATALOG_COMPILER_GLOBAL_ACCENT_COLOR_NAME = AccentColor;
				CODE_SIGN_STYLE = Automatic;
				CURRENT_PROJECT_VERSION = 1;
				DEVELOPMENT_TEAM = LXED532595;
				GENERATE_INFOPLIST_FILE = YES;
				INFOPLIST_FILE = earthquake/Info.plist;
				INFOPLIST_KEY_UIApplicationSupportsIndirectInputEvents = YES;
				INFOPLIST_KEY_UILaunchStoryboardName = LaunchScreen;
				INFOPLIST_KEY_UIMainStoryboardFile = Main;
				INFOPLIST_KEY_UISupportedInterfaceOrientations_iPad = "UIInterfaceOrientationPortrait UIInterfaceOrientationPortraitUpsideDown UIInterfaceOrientationLandscapeLeft UIInterfaceOrientationLandscapeRight";
				INFOPLIST_KEY_UISupportedInterfaceOrientations_iPhone = "UIInterfaceOrientationPortrait UIInterfaceOrientationLandscapeLeft UIInterfaceOrientationLandscapeRight";
				LD_RUNPATH_SEARCH_PATHS = (
					"$(inherited)",
					"@executable_path/Frameworks",
				);
				MARKETING_VERSION = 1.0;
				PRODUCT_BUNDLE_IDENTIFIER = com.test.zhouhe.earthquake;
				PRODUCT_NAME = "$(TARGET_NAME)";
				SWIFT_EMIT_LOC_STRINGS = YES;
				SWIFT_VERSION = 5.0;
				TARGETED_DEVICE_FAMILY = "1,2";
			};
			name = Release;
		};
		CB0025A52CDB4291006F5759 /* Debug */ = {
			isa = XCBuildConfiguration;
			buildSettings = {
				ALWAYS_EMBED_SWIFT_STANDARD_LIBRARIES = YES;
				BUNDLE_LOADER = "$(TEST_HOST)";
				CODE_SIGN_STYLE = Automatic;
				CURRENT_PROJECT_VERSION = 1;
				GENERATE_INFOPLIST_FILE = YES;
				IPHONEOS_DEPLOYMENT_TARGET = 17.5;
				MARKETING_VERSION = 1.0;
				PRODUCT_BUNDLE_IDENTIFIER = com.test.zhouhe.earthquakeTests;
				PRODUCT_NAME = "$(TARGET_NAME)";
				SWIFT_EMIT_LOC_STRINGS = NO;
				SWIFT_VERSION = 5.0;
				TARGETED_DEVICE_FAMILY = "1,2";
				TEST_HOST = "$(BUILT_PRODUCTS_DIR)/earthquake.app/$(BUNDLE_EXECUTABLE_FOLDER_PATH)/earthquake";
			};
			name = Debug;
		};
		CB0025A62CDB4291006F5759 /* Release */ = {
			isa = XCBuildConfiguration;
			buildSettings = {
				ALWAYS_EMBED_SWIFT_STANDARD_LIBRARIES = YES;
				BUNDLE_LOADER = "$(TEST_HOST)";
				CODE_SIGN_STYLE = Automatic;
				CURRENT_PROJECT_VERSION = 1;
				GENERATE_INFOPLIST_FILE = YES;
				IPHONEOS_DEPLOYMENT_TARGET = 17.5;
				MARKETING_VERSION = 1.0;
				PRODUCT_BUNDLE_IDENTIFIER = com.test.zhouhe.earthquakeTests;
				PRODUCT_NAME = "$(TARGET_NAME)";
				SWIFT_EMIT_LOC_STRINGS = NO;
				SWIFT_VERSION = 5.0;
				TARGETED_DEVICE_FAMILY = "1,2";
				TEST_HOST = "$(BUILT_PRODUCTS_DIR)/earthquake.app/$(BUNDLE_EXECUTABLE_FOLDER_PATH)/earthquake";
			};
			name = Release;
		};
		CB0025A82CDB4291006F5759 /* Debug */ = {
			isa = XCBuildConfiguration;
			buildSettings = {
				ALWAYS_EMBED_SWIFT_STANDARD_LIBRARIES = YES;
				CODE_SIGN_STYLE = Automatic;
				CURRENT_PROJECT_VERSION = 1;
				GENERATE_INFOPLIST_FILE = YES;
				MARKETING_VERSION = 1.0;
				PRODUCT_BUNDLE_IDENTIFIER = com.test.zhouhe.earthquakeUITests;
				PRODUCT_NAME = "$(TARGET_NAME)";
				SWIFT_EMIT_LOC_STRINGS = NO;
				SWIFT_VERSION = 5.0;
				TARGETED_DEVICE_FAMILY = "1,2";
				TEST_TARGET_NAME = earthquake;
			};
			name = Debug;
		};
		CB0025A92CDB4291006F5759 /* Release */ = {
			isa = XCBuildConfiguration;
			buildSettings = {
				ALWAYS_EMBED_SWIFT_STANDARD_LIBRARIES = YES;
				CODE_SIGN_STYLE = Automatic;
				CURRENT_PROJECT_VERSION = 1;
				GENERATE_INFOPLIST_FILE = YES;
				MARKETING_VERSION = 1.0;
				PRODUCT_BUNDLE_IDENTIFIER = com.test.zhouhe.earthquakeUITests;
				PRODUCT_NAME = "$(TARGET_NAME)";
				SWIFT_EMIT_LOC_STRINGS = NO;
				SWIFT_VERSION = 5.0;
				TARGETED_DEVICE_FAMILY = "1,2";
				TEST_TARGET_NAME = earthquake;
			};
			name = Release;
		};
/* End XCBuildConfiguration section */

/* Begin XCConfigurationList section */
		CB0025722CDB4290006F5759 /* Build configuration list for PBXProject "earthquake" */ = {
			isa = XCConfigurationList;
			buildConfigurations = (
				CB00259F2CDB4291006F5759 /* Debug */,
				CB0025A02CDB4291006F5759 /* Release */,
			);
			defaultConfigurationIsVisible = 0;
			defaultConfigurationName = Release;
		};
		CB0025A12CDB4291006F5759 /* Build configuration list for PBXNativeTarget "earthquake" */ = {
			isa = XCConfigurationList;
			buildConfigurations = (
				CB0025A22CDB4291006F5759 /* Debug */,
				CB0025A32CDB4291006F5759 /* Release */,
			);
			defaultConfigurationIsVisible = 0;
			defaultConfigurationName = Release;
		};
		CB0025A42CDB4291006F5759 /* Build configuration list for PBXNativeTarget "earthquakeTests" */ = {
			isa = XCConfigurationList;
			buildConfigurations = (
				CB0025A52CDB4291006F5759 /* Debug */,
				CB0025A62CDB4291006F5759 /* Release */,
			);
			defaultConfigurationIsVisible = 0;
			defaultConfigurationName = Release;
		};
		CB0025A72CDB4291006F5759 /* Build configuration list for PBXNativeTarget "earthquakeUITests" */ = {
			isa = XCConfigurationList;
			buildConfigurations = (
				CB0025A82CDB4291006F5759 /* Debug */,
				CB0025A92CDB4291006F5759 /* Release */,
			);
			defaultConfigurationIsVisible = 0;
			defaultConfigurationName = Release;
		};
/* End XCConfigurationList section */
	};
	rootObject = CB00256F2CDB4290006F5759 /* Project object */;
}
